
Microsoft Visual Studio Solution File, Format Version 12.00
# Visual Studio Version 17
VisualStudioVersion = 17.0.31903.59
MinimumVisualStudioVersion = 10.0.40219.1
Project("{FAE04EC0-301F-11D3-BF4B-00C04F79EFBC}") = "Gmux.Core", "src\Gmux.Core\Gmux.Core.csproj", "{A1B2C3D4-1111-2222-3333-444455556666}"
EndProject
Project("{FAE04EC0-301F-11D3-BF4B-00C04F79EFBC}") = "Gmux.App", "src\Gmux.App\Gmux.App.csproj", "{A1B2C3D4-1111-2222-3333-444455557777}"
EndProject
Project("{FAE04EC0-301F-11D3-BF4B-00C04F79EFBC}") = "Gmux.Cli", "src\Gmux.Cli\Gmux.Cli.csproj", "{A1B2C3D4-1111-2222-3333-444455558888}"
EndProject
Project("{2150E333-8FDC-42A3-9474-1A3956D46DE8}") = "src", "src", "{E1F2A3B4-0000-1111-2222-333344445555}"
EndProject
Project("{C15AD002-B09F-4177-A3BD-1E6C1BBEC3BE}") = "Gmux.Setup", "src\Gmux.Setup\Gmux.Setup.wixproj", "{B5C6D7E8-AAAA-BBBB-CCCC-DDDDEEEE9999}"
EndProject
Project("{FAE04EC0-301F-11D3-BF4B-00C04F79EFBC}") = "Gmux.Core.Tests", "src\Gmux.Core.Tests\Gmux.Core.Tests.csproj", "{527A0AFC-8A84-4C78-AA51-CDAC2A4AF28D}"
EndProject
Global
	GlobalSection(SolutionConfigurationPlatforms) = preSolution
		Debug|x64 = Debug|x64
		Debug|ARM64 = Debug|ARM64
		Debug|Any CPU = Debug|Any CPU
		Debug|x86 = Debug|x86
		Release|x64 = Release|x64
		Release|ARM64 = Release|ARM64
		Release|Any CPU = Release|Any CPU
		Release|x86 = Release|x86
	EndGlobalSection
	GlobalSection(ProjectConfigurationPlatforms) = postSolution
		{A1B2C3D4-1111-2222-3333-444455556666}.Debug|x64.ActiveCfg = Debug|x64
		{A1B2C3D4-1111-2222-3333-444455556666}.Debug|x64.Build.0 = Debug|x64
		{A1B2C3D4-1111-2222-3333-444455556666}.Debug|ARM64.ActiveCfg = Debug|ARM64
		{A1B2C3D4-1111-2222-3333-444455556666}.Debug|ARM64.Build.0 = Debug|ARM64
		{A1B2C3D4-1111-2222-3333-444455556666}.Debug|Any CPU.ActiveCfg = Debug|Any CPU
		{A1B2C3D4-1111-2222-3333-444455556666}.Debug|Any CPU.Build.0 = Debug|Any CPU
		{A1B2C3D4-1111-2222-3333-444455556666}.Debug|x86.ActiveCfg = Debug|Any CPU
		{A1B2C3D4-1111-2222-3333-444455556666}.Debug|x86.Build.0 = Debug|Any CPU
		{A1B2C3D4-1111-2222-3333-444455556666}.Release|x64.ActiveCfg = Release|x64
		{A1B2C3D4-1111-2222-3333-444455556666}.Release|x64.Build.0 = Release|x64
		{A1B2C3D4-1111-2222-3333-444455556666}.Release|ARM64.ActiveCfg = Release|ARM64
		{A1B2C3D4-1111-2222-3333-444455556666}.Release|ARM64.Build.0 = Release|ARM64
		{A1B2C3D4-1111-2222-3333-444455556666}.Release|Any CPU.ActiveCfg = Release|Any CPU
		{A1B2C3D4-1111-2222-3333-444455556666}.Release|Any CPU.Build.0 = Release|Any CPU
		{A1B2C3D4-1111-2222-3333-444455556666}.Release|x86.ActiveCfg = Release|Any CPU
		{A1B2C3D4-1111-2222-3333-444455556666}.Release|x86.Build.0 = Release|Any CPU
		{A1B2C3D4-1111-2222-3333-444455557777}.Debug|x64.ActiveCfg = Debug|x64
		{A1B2C3D4-1111-2222-3333-444455557777}.Debug|x64.Build.0 = Debug|x64
		{A1B2C3D4-1111-2222-3333-444455557777}.Debug|ARM64.ActiveCfg = Debug|ARM64
		{A1B2C3D4-1111-2222-3333-444455557777}.Debug|ARM64.Build.0 = Debug|ARM64
		{A1B2C3D4-1111-2222-3333-444455557777}.Debug|Any CPU.ActiveCfg = Debug|Any CPU
		{A1B2C3D4-1111-2222-3333-444455557777}.Debug|Any CPU.Build.0 = Debug|Any CPU
		{A1B2C3D4-1111-2222-3333-444455557777}.Debug|x86.ActiveCfg = Debug|Any CPU
		{A1B2C3D4-1111-2222-3333-444455557777}.Debug|x86.Build.0 = Debug|Any CPU
		{A1B2C3D4-1111-2222-3333-444455557777}.Release|x64.ActiveCfg = Release|x64
		{A1B2C3D4-1111-2222-3333-444455557777}.Release|x64.Build.0 = Release|x64
		{A1B2C3D4-1111-2222-3333-444455557777}.Release|ARM64.ActiveCfg = Release|ARM64
		{A1B2C3D4-1111-2222-3333-444455557777}.Release|ARM64.Build.0 = Release|ARM64
		{A1B2C3D4-1111-2222-3333-444455557777}.Release|Any CPU.ActiveCfg = Release|Any CPU
		{A1B2C3D4-1111-2222-3333-444455557777}.Release|Any CPU.Build.0 = Release|Any CPU
		{A1B2C3D4-1111-2222-3333-444455557777}.Release|x86.ActiveCfg = Release|Any CPU
		{A1B2C3D4-1111-2222-3333-444455557777}.Release|x86.Build.0 = Release|Any CPU
		{A1B2C3D4-1111-2222-3333-444455558888}.Debug|x64.ActiveCfg = Debug|x64
		{A1B2C3D4-1111-2222-3333-444455558888}.Debug|x64.Build.0 = Debug|x64
		{A1B2C3D4-1111-2222-3333-444455558888}.Debug|ARM64.ActiveCfg = Debug|ARM64
		{A1B2C3D4-1111-2222-3333-444455558888}.Debug|ARM64.Build.0 = Debug|ARM64
		{A1B2C3D4-1111-2222-3333-444455558888}.Debug|Any CPU.ActiveCfg = Debug|Any CPU
		{A1B2C3D4-1111-2222-3333-444455558888}.Debug|Any CPU.Build.0 = Debug|Any CPU
		{A1B2C3D4-1111-2222-3333-444455558888}.Debug|x86.ActiveCfg = Debug|Any CPU
		{A1B2C3D4-1111-2222-3333-444455558888}.Debug|x86.Build.0 = Debug|Any CPU
		{A1B2C3D4-1111-2222-3333-444455558888}.Release|x64.ActiveCfg = Release|x64
		{A1B2C3D4-1111-2222-3333-444455558888}.Release|x64.Build.0 = Release|x64
		{A1B2C3D4-1111-2222-3333-444455558888}.Release|ARM64.ActiveCfg = Release|ARM64
		{A1B2C3D4-1111-2222-3333-444455558888}.Release|ARM64.Build.0 = Release|ARM64
		{A1B2C3D4-1111-2222-3333-444455558888}.Release|Any CPU.ActiveCfg = Release|Any CPU
		{A1B2C3D4-1111-2222-3333-444455558888}.Release|Any CPU.Build.0 = Release|Any CPU
		{A1B2C3D4-1111-2222-3333-444455558888}.Release|x86.ActiveCfg = Release|Any CPU
		{A1B2C3D4-1111-2222-3333-444455558888}.Release|x86.Build.0 = Release|Any CPU
		{B5C6D7E8-AAAA-BBBB-CCCC-DDDDEEEE9999}.Debug|x64.ActiveCfg = Debug|x64
		{B5C6D7E8-AAAA-BBBB-CCCC-DDDDEEEE9999}.Debug|ARM64.ActiveCfg = Debug|x64
		{B5C6D7E8-AAAA-BBBB-CCCC-DDDDEEEE9999}.Debug|Any CPU.ActiveCfg = Debug|Any CPU
		{B5C6D7E8-AAAA-BBBB-CCCC-DDDDEEEE9999}.Debug|Any CPU.Build.0 = Debug|Any CPU
		{B5C6D7E8-AAAA-BBBB-CCCC-DDDDEEEE9999}.Debug|x86.ActiveCfg = Debug|x86
		{B5C6D7E8-AAAA-BBBB-CCCC-DDDDEEEE9999}.Debug|x86.Build.0 = Debug|x86
		{B5C6D7E8-AAAA-BBBB-CCCC-DDDDEEEE9999}.Release|x64.ActiveCfg = Release|x64
		{B5C6D7E8-AAAA-BBBB-CCCC-DDDDEEEE9999}.Release|ARM64.ActiveCfg = Release|x64
		{B5C6D7E8-AAAA-BBBB-CCCC-DDDDEEEE9999}.Release|Any CPU.ActiveCfg = Release|Any CPU
		{B5C6D7E8-AAAA-BBBB-CCCC-DDDDEEEE9999}.Release|Any CPU.Build.0 = Release|Any CPU
		{B5C6D7E8-AAAA-BBBB-CCCC-DDDDEEEE9999}.Release|x86.ActiveCfg = Release|x86
		{B5C6D7E8-AAAA-BBBB-CCCC-DDDDEEEE9999}.Release|x86.Build.0 = Release|x86
		{527A0AFC-8A84-4C78-AA51-CDAC2A4AF28D}.Debug|x64.ActiveCfg = Debug|x64
		{527A0AFC-8A84-4C78-AA51-CDAC2A4AF28D}.Debug|x64.Build.0 = Debug|x64
		{527A0AFC-8A84-4C78-AA51-CDAC2A4AF28D}.Debug|ARM64.ActiveCfg = Debug|ARM64
		{527A0AFC-8A84-4C78-AA51-CDAC2A4AF28D}.Debug|ARM64.Build.0 = Debug|ARM64
		{527A0AFC-8A84-4C78-AA51-CDAC2A4AF28D}.Debug|Any CPU.ActiveCfg = Debug|x64
		{527A0AFC-8A84-4C78-AA51-CDAC2A4AF28D}.Debug|Any CPU.Build.0 = Debug|x64
		{527A0AFC-8A84-4C78-AA51-CDAC2A4AF28D}.Debug|x86.ActiveCfg = Debug|x64
		{527A0AFC-8A84-4C78-AA51-CDAC2A4AF28D}.Debug|x86.Build.0 = Debug|x64
		{527A0AFC-8A84-4C78-AA51-CDAC2A4AF28D}.Release|x64.ActiveCfg = Release|x64
		{527A0AFC-8A84-4C78-AA51-CDAC2A4AF28D}.Release|x64.Build.0 = Release|x64
		{527A0AFC-8A84-4C78-AA51-CDAC2A4AF28D}.Release|ARM64.ActiveCfg = Release|ARM64
		{527A0AFC-8A84-4C78-AA51-CDAC2A4AF28D}.Release|ARM64.Build.0 = Release|ARM64
		{527A0AFC-8A84-4C78-AA51-CDAC2A4AF28D}.Release|Any CPU.ActiveCfg = Release|x64
		{527A0AFC-8A84-4C78-AA51-CDAC2A4AF28D}.Release|Any CPU.Build.0 = Release|x64
		{527A0AFC-8A84-4C78-AA51-CDAC2A4AF28D}.Release|x86.ActiveCfg = Release|x64
		{527A0AFC-8A84-4C78-AA51-CDAC2A4AF28D}.Release|x86.Build.0 = Release|x64
	EndGlobalSection
	GlobalSection(SolutionProperties) = preSolution
		HideSolutionNode = FALSE
	EndGlobalSection
	GlobalSection(NestedProjects) = preSolution
		{A1B2C3D4-1111-2222-3333-444455556666} = {E1F2A3B4-0000-1111-2222-333344445555}
		{A1B2C3D4-1111-2222-3333-444455557777} = {E1F2A3B4-0000-1111-2222-333344445555}
		{A1B2C3D4-1111-2222-3333-444455558888} = {E1F2A3B4-0000-1111-2222-333344445555}
		{B5C6D7E8-AAAA-BBBB-CCCC-DDDDEEEE9999} = {E1F2A3B4-0000-1111-2222-333344445555}
		{527A0AFC-8A84-4C78-AA51-CDAC2A4AF28D} = {E1F2A3B4-0000-1111-2222-333344445555}
	EndGlobalSection
EndGlobal
